// !$*UTF8*$!
{
	archiveVersion = 1;
	classes = {
	};
	objectVersion = 51;
	objects = {

/* Begin PBXBuildFile section */
		42FD3C1223FD290800658629 /* AppDelegate.swift in Sources */ = {isa = PBXBuildFile; fileRef = 42FD3C1123FD290800658629 /* AppDelegate.swift */; };
		42FD3C1423FD290800658629 /* SceneDelegate.swift in Sources */ = {isa = PBXBuildFile; fileRef = 42FD3C1323FD290800658629 /* SceneDelegate.swift */; };
		42FD3C1B23FD290A00658629 /* Assets.xcassets in Resources */ = {isa = PBXBuildFile; fileRef = 42FD3C1A23FD290A00658629 /* Assets.xcassets */; };
		42FD3C1E23FD290A00658629 /* LaunchScreen.storyboard in Resources */ = {isa = PBXBuildFile; fileRef = 42FD3C1C23FD290A00658629 /* LaunchScreen.storyboard */; };
		42FD3C2C23FD2A6600658629 /* USMainViewController.swift in Sources */ = {isa = PBXBuildFile; fileRef = 42FD3C2B23FD2A6600658629 /* USMainViewController.swift */; };
		42FD3C2E23FD2AE400658629 /* USMainViewModel.swift in Sources */ = {isa = PBXBuildFile; fileRef = 42FD3C2D23FD2AE400658629 /* USMainViewModel.swift */; };
		42FD3C3123FD2DFB00658629 /* USMoyaProvider.swift in Sources */ = {isa = PBXBuildFile; fileRef = 42FD3C3023FD2DFB00658629 /* USMoyaProvider.swift */; };
		42FD3C3323FD2E2A00658629 /* USNetworkEvent.swift in Sources */ = {isa = PBXBuildFile; fileRef = 42FD3C3223FD2E2A00658629 /* USNetworkEvent.swift */; };
		42FD3C3623FD2E9400658629 /* USServiceError.swift in Sources */ = {isa = PBXBuildFile; fileRef = 42FD3C3523FD2E9400658629 /* USServiceError.swift */; };
		42FD3C3923FD2F0B00658629 /* Extension+MoyaResponse.swift in Sources */ = {isa = PBXBuildFile; fileRef = 42FD3C3823FD2F0B00658629 /* Extension+MoyaResponse.swift */; };
		42FD3C3C23FD305600658629 /* USTarget.swift in Sources */ = {isa = PBXBuildFile; fileRef = 42FD3C3B23FD305600658629 /* USTarget.swift */; };
		42FD3C3E23FD306600658629 /* USService.swift in Sources */ = {isa = PBXBuildFile; fileRef = 42FD3C3D23FD306600658629 /* USService.swift */; };
		42FD3C4023FD310F00658629 /* USConstants.swift in Sources */ = {isa = PBXBuildFile; fileRef = 42FD3C3F23FD310F00658629 /* USConstants.swift */; };
		42FD3C4323FD336C00658629 /* USResponse.swift in Sources */ = {isa = PBXBuildFile; fileRef = 42FD3C4223FD336C00658629 /* USResponse.swift */; };
		5E7F3A278DF081D49B0284E6 /* Pods_Unsplash.framework in Frameworks */ = {isa = PBXBuildFile; fileRef = 69882AA9DE054B86BBCE0D46 /* Pods_Unsplash.framework */; };
/* End PBXBuildFile section */

/* Begin PBXFileReference section */
		01B8DD2187C77A630CB73470 /* Pods-Unsplash.release.xcconfig */ = {isa = PBXFileReference; includeInIndex = 1; lastKnownFileType = text.xcconfig; name = "Pods-Unsplash.release.xcconfig"; path = "Target Support Files/Pods-Unsplash/Pods-Unsplash.release.xcconfig"; sourceTree = "<group>"; };
		42FD3C0E23FD290800658629 /* Unsplash.app */ = {isa = PBXFileReference; explicitFileType = wrapper.application; includeInIndex = 0; path = Unsplash.app; sourceTree = BUILT_PRODUCTS_DIR; };
		42FD3C1123FD290800658629 /* AppDelegate.swift */ = {isa = PBXFileReference; lastKnownFileType = sourcecode.swift; path = AppDelegate.swift; sourceTree = "<group>"; };
		42FD3C1323FD290800658629 /* SceneDelegate.swift */ = {isa = PBXFileReference; lastKnownFileType = sourcecode.swift; path = SceneDelegate.swift; sourceTree = "<group>"; };
		42FD3C1A23FD290A00658629 /* Assets.xcassets */ = {isa = PBXFileReference; lastKnownFileType = folder.assetcatalog; path = Assets.xcassets; sourceTree = "<group>"; };
		42FD3C1D23FD290A00658629 /* Base */ = {isa = PBXFileReference; lastKnownFileType = file.storyboard; name = Base; path = Base.lproj/LaunchScreen.storyboard; sourceTree = "<group>"; };
		42FD3C1F23FD290A00658629 /* Info.plist */ = {isa = PBXFileReference; lastKnownFileType = text.plist.xml; path = Info.plist; sourceTree = "<group>"; };
		42FD3C2B23FD2A6600658629 /* USMainViewController.swift */ = {isa = PBXFileReference; lastKnownFileType = sourcecode.swift; path = USMainViewController.swift; sourceTree = "<group>"; };
		42FD3C2D23FD2AE400658629 /* USMainViewModel.swift */ = {isa = PBXFileReference; lastKnownFileType = sourcecode.swift; path = USMainViewModel.swift; sourceTree = "<group>"; };
		42FD3C3023FD2DFB00658629 /* USMoyaProvider.swift */ = {isa = PBXFileReference; lastKnownFileType = sourcecode.swift; path = USMoyaProvider.swift; sourceTree = "<group>"; };
		42FD3C3223FD2E2A00658629 /* USNetworkEvent.swift */ = {isa = PBXFileReference; lastKnownFileType = sourcecode.swift; path = USNetworkEvent.swift; sourceTree = "<group>"; };
		42FD3C3523FD2E9400658629 /* USServiceError.swift */ = {isa = PBXFileReference; lastKnownFileType = sourcecode.swift; path = USServiceError.swift; sourceTree = "<group>"; };
		42FD3C3823FD2F0B00658629 /* Extension+MoyaResponse.swift */ = {isa = PBXFileReference; lastKnownFileType = sourcecode.swift; path = "Extension+MoyaResponse.swift"; sourceTree = "<group>"; };
		42FD3C3B23FD305600658629 /* USTarget.swift */ = {isa = PBXFileReference; lastKnownFileType = sourcecode.swift; path = USTarget.swift; sourceTree = "<group>"; };
		42FD3C3D23FD306600658629 /* USService.swift */ = {isa = PBXFileReference; lastKnownFileType = sourcecode.swift; path = USService.swift; sourceTree = "<group>"; };
		42FD3C3F23FD310F00658629 /* USConstants.swift */ = {isa = PBXFileReference; lastKnownFileType = sourcecode.swift; path = USConstants.swift; sourceTree = "<group>"; };
		42FD3C4223FD336C00658629 /* USResponse.swift */ = {isa = PBXFileReference; lastKnownFileType = sourcecode.swift; path = USResponse.swift; sourceTree = "<group>"; };
		69882AA9DE054B86BBCE0D46 /* Pods_Unsplash.framework */ = {isa = PBXFileReference; explicitFileType = wrapper.framework; includeInIndex = 0; path = Pods_Unsplash.framework; sourceTree = BUILT_PRODUCTS_DIR; };
		F0D45E06DDD20CA77ED5C48B /* Pods-Unsplash.debug.xcconfig */ = {isa = PBXFileReference; includeInIndex = 1; lastKnownFileType = text.xcconfig; name = "Pods-Unsplash.debug.xcconfig"; path = "Target Support Files/Pods-Unsplash/Pods-Unsplash.debug.xcconfig"; sourceTree = "<group>"; };
/* End PBXFileReference section */

/* Begin PBXFrameworksBuildPhase section */
		42FD3C0B23FD290800658629 /* Frameworks */ = {
			isa = PBXFrameworksBuildPhase;
			buildActionMask = 2147483647;
			files = (
				5E7F3A278DF081D49B0284E6 /* Pods_Unsplash.framework in Frameworks */,
			);
			runOnlyForDeploymentPostprocessing = 0;
		};
/* End PBXFrameworksBuildPhase section */

/* Begin PBXGroup section */
		42FD3C0523FD290800658629 = {
			isa = PBXGroup;
			children = (
				42FD3C1023FD290800658629 /* Unsplash */,
				42FD3C0F23FD290800658629 /* Products */,
				EBCA675D4177FDAAE8633385 /* Pods */,
				CF15677670FAA8F8E8791BA3 /* Frameworks */,
			);
			sourceTree = "<group>";
		};
		42FD3C0F23FD290800658629 /* Products */ = {
			isa = PBXGroup;
			children = (
				42FD3C0E23FD290800658629 /* Unsplash.app */,
			);
			name = Products;
			sourceTree = "<group>";
		};
		42FD3C1023FD290800658629 /* Unsplash */ = {
			isa = PBXGroup;
			children = (
				42FD3C3723FD2EFB00658629 /* Extensions */,
				42FD3C2923FD2A0400658629 /* Common */,
				42FD3C2823FD29F700658629 /* ViewModels */,
				42FD3C2723FD29F100658629 /* Models */,
				42FD3C2623FD29EB00658629 /* Views */,
				42FD3C1123FD290800658629 /* AppDelegate.swift */,
				42FD3C1323FD290800658629 /* SceneDelegate.swift */,
				42FD3C1A23FD290A00658629 /* Assets.xcassets */,
				42FD3C1C23FD290A00658629 /* LaunchScreen.storyboard */,
				42FD3C1F23FD290A00658629 /* Info.plist */,
			);
			path = Unsplash;
			sourceTree = "<group>";
		};
		42FD3C2623FD29EB00658629 /* Views */ = {
			isa = PBXGroup;
			children = (
				42FD3C2B23FD2A6600658629 /* USMainViewController.swift */,
			);
			path = Views;
			sourceTree = "<group>";
		};
		42FD3C2723FD29F100658629 /* Models */ = {
			isa = PBXGroup;
			children = (
				42FD3C4123FD335600658629 /* Unsplash */,
				42FD3C3423FD2E7E00658629 /* Error */,
			);
			path = Models;
			sourceTree = "<group>";
		};
		42FD3C2823FD29F700658629 /* ViewModels */ = {
			isa = PBXGroup;
			children = (
				42FD3C2D23FD2AE400658629 /* USMainViewModel.swift */,
			);
			path = ViewModels;
			sourceTree = "<group>";
		};
		42FD3C2923FD2A0400658629 /* Common */ = {
			isa = PBXGroup;
			children = (
				42FD3C2A23FD2A1800658629 /* Networking */,
				42FD3C3F23FD310F00658629 /* USConstants.swift */,
			);
			path = Common;
			sourceTree = "<group>";
		};
		42FD3C2A23FD2A1800658629 /* Networking */ = {
			isa = PBXGroup;
			children = (
				42FD3C3023FD2DFB00658629 /* USMoyaProvider.swift */,
				42FD3C3223FD2E2A00658629 /* USNetworkEvent.swift */,
				42FD3C3A23FD303000658629 /* Unsplash */,
			);
			path = Networking;
			sourceTree = "<group>";
		};
		42FD3C3423FD2E7E00658629 /* Error */ = {
			isa = PBXGroup;
			children = (
				42FD3C3523FD2E9400658629 /* USServiceError.swift */,
			);
			path = Error;
			sourceTree = "<group>";
		};
		42FD3C3723FD2EFB00658629 /* Extensions */ = {
			isa = PBXGroup;
			children = (
				42FD3C3823FD2F0B00658629 /* Extension+MoyaResponse.swift */,
			);
			path = Extensions;
			sourceTree = "<group>";
		};
		42FD3C3A23FD303000658629 /* Unsplash */ = {
			isa = PBXGroup;
			children = (
				42FD3C3B23FD305600658629 /* USTarget.swift */,
				42FD3C3D23FD306600658629 /* USService.swift */,
			);
			path = Unsplash;
			sourceTree = "<group>";
		};
		42FD3C4123FD335600658629 /* Unsplash */ = {
			isa = PBXGroup;
			children = (
				42FD3C4223FD336C00658629 /* USResponse.swift */,
			);
			path = Unsplash;
			sourceTree = "<group>";
		};
		CF15677670FAA8F8E8791BA3 /* Frameworks */ = {
			isa = PBXGroup;
			children = (
				69882AA9DE054B86BBCE0D46 /* Pods_Unsplash.framework */,
			);
			name = Frameworks;
			sourceTree = "<group>";
		};
		EBCA675D4177FDAAE8633385 /* Pods */ = {
			isa = PBXGroup;
			children = (
				F0D45E06DDD20CA77ED5C48B /* Pods-Unsplash.debug.xcconfig */,
				01B8DD2187C77A630CB73470 /* Pods-Unsplash.release.xcconfig */,
			);
			path = Pods;
			sourceTree = "<group>";
		};
/* End PBXGroup section */

/* Begin PBXNativeTarget section */
		42FD3C0D23FD290800658629 /* Unsplash */ = {
			isa = PBXNativeTarget;
			buildConfigurationList = 42FD3C2223FD290A00658629 /* Build configuration list for PBXNativeTarget "Unsplash" */;
			buildPhases = (
				19E2ABC4291BF1F242E222F1 /* [CP] Check Pods Manifest.lock */,
				42FD3C0A23FD290800658629 /* Sources */,
				42FD3C0B23FD290800658629 /* Frameworks */,
				42FD3C0C23FD290800658629 /* Resources */,
				42FD3C2523FD292500658629 /* Bump Up Build Number */,
				2B8159F445B8663732A335C9 /* [CP] Embed Pods Frameworks */,
				42FD3C2F23FD2D6000658629 /* Swiftlint Run Script */,
			);
			buildRules = (
			);
			dependencies = (
			);
			name = Unsplash;
			productName = Unsplash;
			productReference = 42FD3C0E23FD290800658629 /* Unsplash.app */;
			productType = "com.apple.product-type.application";
		};
/* End PBXNativeTarget section */

/* Begin PBXProject section */
		42FD3C0623FD290800658629 /* Project object */ = {
			isa = PBXProject;
			attributes = {
				LastSwiftUpdateCheck = 1130;
				LastUpgradeCheck = 1130;
				ORGANIZATIONNAME = StandAlone;
				TargetAttributes = {
					42FD3C0D23FD290800658629 = {
						CreatedOnToolsVersion = 11.3.1;
					};
				};
			};
			buildConfigurationList = 42FD3C0923FD290800658629 /* Build configuration list for PBXProject "Unsplash" */;
			compatibilityVersion = "Xcode 9.3";
			developmentRegion = en;
			hasScannedForEncodings = 0;
			knownRegions = (
				en,
				Base,
			);
			mainGroup = 42FD3C0523FD290800658629;
			productRefGroup = 42FD3C0F23FD290800658629 /* Products */;
			projectDirPath = "";
			projectRoot = "";
			targets = (
				42FD3C0D23FD290800658629 /* Unsplash */,
			);
		};
/* End PBXProject section */

/* Begin PBXResourcesBuildPhase section */
		42FD3C0C23FD290800658629 /* Resources */ = {
			isa = PBXResourcesBuildPhase;
			buildActionMask = 2147483647;
			files = (
				42FD3C1E23FD290A00658629 /* LaunchScreen.storyboard in Resources */,
				42FD3C1B23FD290A00658629 /* Assets.xcassets in Resources */,
			);
			runOnlyForDeploymentPostprocessing = 0;
		};
/* End PBXResourcesBuildPhase section */

/* Begin PBXShellScriptBuildPhase section */
		19E2ABC4291BF1F242E222F1 /* [CP] Check Pods Manifest.lock */ = {
			isa = PBXShellScriptBuildPhase;
			buildActionMask = 2147483647;
			files = (
			);
			inputFileListPaths = (
			);
			inputPaths = (
				"${PODS_PODFILE_DIR_PATH}/Podfile.lock",
				"${PODS_ROOT}/Manifest.lock",
			);
			name = "[CP] Check Pods Manifest.lock";
			outputFileListPaths = (
			);
			outputPaths = (
				"$(DERIVED_FILE_DIR)/Pods-Unsplash-checkManifestLockResult.txt",
			);
			runOnlyForDeploymentPostprocessing = 0;
			shellPath = /bin/sh;
			shellScript = "diff \"${PODS_PODFILE_DIR_PATH}/Podfile.lock\" \"${PODS_ROOT}/Manifest.lock\" > /dev/null\nif [ $? != 0 ] ; then\n    # print error to STDERR\n    echo \"error: The sandbox is not in sync with the Podfile.lock. Run 'pod install' or update your CocoaPods installation.\" >&2\n    exit 1\nfi\n# This output is used by Xcode 'outputs' to avoid re-running this script phase.\necho \"SUCCESS\" > \"${SCRIPT_OUTPUT_FILE_0}\"\n";
			showEnvVarsInLog = 0;
		};
		2B8159F445B8663732A335C9 /* [CP] Embed Pods Frameworks */ = {
			isa = PBXShellScriptBuildPhase;
			buildActionMask = 2147483647;
			files = (
			);
			inputFileListPaths = (
				"${PODS_ROOT}/Target Support Files/Pods-Unsplash/Pods-Unsplash-frameworks-${CONFIGURATION}-input-files.xcfilelist",
			);
			name = "[CP] Embed Pods Frameworks";
			outputFileListPaths = (
				"${PODS_ROOT}/Target Support Files/Pods-Unsplash/Pods-Unsplash-frameworks-${CONFIGURATION}-output-files.xcfilelist",
			);
			runOnlyForDeploymentPostprocessing = 0;
			shellPath = /bin/sh;
			shellScript = "\"${PODS_ROOT}/Target Support Files/Pods-Unsplash/Pods-Unsplash-frameworks.sh\"\n";
			showEnvVarsInLog = 0;
		};
		42FD3C2523FD292500658629 /* Bump Up Build Number */ = {
			isa = PBXShellScriptBuildPhase;
			buildActionMask = 2147483647;
			files = (
			);
			inputFileListPaths = (
			);
			inputPaths = (
			);
			name = "Bump Up Build Number";
			outputFileListPaths = (
			);
			outputPaths = (
			);
			runOnlyForDeploymentPostprocessing = 0;
			shellPath = /bin/sh;
			shellScript = "BUILDNUM=$(/usr/libexec/PlistBuddy -c \"Print CFBundleVersion\" \"${PROJECT_DIR}/${INFOPLIST_FILE}\")\nNEWBUILDNUM=$(($BUILDNUM + 1))\nNEWBUILDNUMSTRING=`echo $NEWBUILDNUM`\n/usr/libexec/PlistBuddy -c \"Set :CFBundleVersion $NEWBUILDNUMSTRING\" \"${PROJECT_DIR}/${INFOPLIST_FILE}\"\n\n";
		};
		42FD3C2F23FD2D6000658629 /* Swiftlint Run Script */ = {
			isa = PBXShellScriptBuildPhase;
			buildActionMask = 2147483647;
			files = (
			);
			inputFileListPaths = (
			);
			inputPaths = (
			);
			name = "Swiftlint Run Script";
			outputFileListPaths = (
			);
			outputPaths = (
			);
			runOnlyForDeploymentPostprocessing = 0;
			shellPath = /bin/sh;
			shellScript = "\"${PODS_ROOT}/SwiftLint/swiftlint\"\n";
		};
/* End PBXShellScriptBuildPhase section */

/* Begin PBXSourcesBuildPhase section */
		42FD3C0A23FD290800658629 /* Sources */ = {
			isa = PBXSourcesBuildPhase;
			buildActionMask = 2147483647;
			files = (
				42FD3C1223FD290800658629 /* AppDelegate.swift in Sources */,
				42FD3C3E23FD306600658629 /* USService.swift in Sources */,
				42FD3C3C23FD305600658629 /* USTarget.swift in Sources */,
				42FD3C3123FD2DFB00658629 /* USMoyaProvider.swift in Sources */,
				42FD3C2E23FD2AE400658629 /* USMainViewModel.swift in Sources */,
				42FD3C4023FD310F00658629 /* USConstants.swift in Sources */,
				42FD3C4323FD336C00658629 /* USResponse.swift in Sources */,
				42FD3C1423FD290800658629 /* SceneDelegate.swift in Sources */,
				42FD3C3923FD2F0B00658629 /* Extension+MoyaResponse.swift in Sources */,
				42FD3C3623FD2E9400658629 /* USServiceError.swift in Sources */,
				42FD3C2C23FD2A6600658629 /* USMainViewController.swift in Sources */,
				42FD3C3323FD2E2A00658629 /* USNetworkEvent.swift in Sources */,
			);
			runOnlyForDeploymentPostprocessing = 0;
		};
/* End PBXSourcesBuildPhase section */

/* Begin PBXVariantGroup section */
		42FD3C1C23FD290A00658629 /* LaunchScreen.storyboard */ = {
			isa = PBXVariantGroup;
			children = (
				42FD3C1D23FD290A00658629 /* Base */,
			);
			name = LaunchScreen.storyboard;
			sourceTree = "<group>";
		};
/* End PBXVariantGroup section */

/* Begin XCBuildConfiguration section */
		42FD3C2023FD290A00658629 /* Debug */ = {
			isa = XCBuildConfiguration;
			buildSettings = {
				ALWAYS_SEARCH_USER_PATHS = NO;
				CLANG_ANALYZER_NONNULL = YES;
				CLANG_ANALYZER_NUMBER_OBJECT_CONVERSION = YES_AGGRESSIVE;
				CLANG_CXX_LANGUAGE_STANDARD = "gnu++14";
				CLANG_CXX_LIBRARY = "libc++";
				CLANG_ENABLE_MODULES = YES;
				CLANG_ENABLE_OBJC_ARC = YES;
				CLANG_ENABLE_OBJC_WEAK = YES;
				CLANG_WARN_BLOCK_CAPTURE_AUTORELEASING = YES;
				CLANG_WARN_BOOL_CONVERSION = YES;
				CLANG_WARN_COMMA = YES;
				CLANG_WARN_CONSTANT_CONVERSION = YES;
				CLANG_WARN_DEPRECATED_OBJC_IMPLEMENTATIONS = YES;
				CLANG_WARN_DIRECT_OBJC_ISA_USAGE = YES_ERROR;
				CLANG_WARN_DOCUMENTATION_COMMENTS = YES;
				CLANG_WARN_EMPTY_BODY = YES;
				CLANG_WARN_ENUM_CONVERSION = YES;
				CLANG_WARN_INFINITE_RECURSION = YES;
				CLANG_WARN_INT_CONVERSION = YES;
				CLANG_WARN_NON_LITERAL_NULL_CONVERSION = YES;
				CLANG_WARN_OBJC_IMPLICIT_RETAIN_SELF = YES;
				CLANG_WARN_OBJC_LITERAL_CONVERSION = YES;
				CLANG_WARN_OBJC_ROOT_CLASS = YES_ERROR;
				CLANG_WARN_RANGE_LOOP_ANALYSIS = YES;
				CLANG_WARN_STRICT_PROTOTYPES = YES;
				CLANG_WARN_SUSPICIOUS_MOVE = YES;
				CLANG_WARN_UNGUARDED_AVAILABILITY = YES_AGGRESSIVE;
				CLANG_WARN_UNREACHABLE_CODE = YES;
				CLANG_WARN__DUPLICATE_METHOD_MATCH = YES;
				COPY_PHASE_STRIP = NO;
				DEBUG_INFORMATION_FORMAT = dwarf;
				ENABLE_STRICT_OBJC_MSGSEND = YES;
				ENABLE_TESTABILITY = YES;
				GCC_C_LANGUAGE_STANDARD = gnu11;
				GCC_DYNAMIC_NO_PIC = NO;
				GCC_NO_COMMON_BLOCKS = YES;
				GCC_OPTIMIZATION_LEVEL = 0;
				GCC_PREPROCESSOR_DEFINITIONS = (
					"DEBUG=1",
					"$(inherited)",
				);
				GCC_WARN_64_TO_32_BIT_CONVERSION = YES;
				GCC_WARN_ABOUT_RETURN_TYPE = YES_ERROR;
				GCC_WARN_UNDECLARED_SELECTOR = YES;
				GCC_WARN_UNINITIALIZED_AUTOS = YES_AGGRESSIVE;
				GCC_WARN_UNUSED_FUNCTION = YES;
				GCC_WARN_UNUSED_VARIABLE = YES;
				IPHONEOS_DEPLOYMENT_TARGET = 13.2;
				MTL_ENABLE_DEBUG_INFO = INCLUDE_SOURCE;
				MTL_FAST_MATH = YES;
				ONLY_ACTIVE_ARCH = YES;
				SDKROOT = iphoneos;
				SWIFT_ACTIVE_COMPILATION_CONDITIONS = DEBUG;
				SWIFT_OPTIMIZATION_LEVEL = "-Onone";
			};
			name = Debug;
		};
		42FD3C2123FD290A00658629 /* Release */ = {
			isa = XCBuildConfiguration;
			buildSettings = {
				ALWAYS_SEARCH_USER_PATHS = NO;
				CLANG_ANALYZER_NONNULL = YES;
				CLANG_ANALYZER_NUMBER_OBJECT_CONVERSION = YES_AGGRESSIVE;
				CLANG_CXX_LANGUAGE_STANDARD = "gnu++14";
				CLANG_CXX_LIBRARY = "libc++";
				CLANG_ENABLE_MODULES = YES;
				CLANG_ENABLE_OBJC_ARC = YES;
				CLANG_ENABLE_OBJC_WEAK = YES;
				CLANG_WARN_BLOCK_CAPTURE_AUTORELEASING = YES;
				CLANG_WARN_BOOL_CONVERSION = YES;
				CLANG_WARN_COMMA = YES;
				CLANG_WARN_CONSTANT_CONVERSION = YES;
				CLANG_WARN_DEPRECATED_OBJC_IMPLEMENTATIONS = YES;
				CLANG_WARN_DIRECT_OBJC_ISA_USAGE = YES_ERROR;
				CLANG_WARN_DOCUMENTATION_COMMENTS = YES;
				CLANG_WARN_EMPTY_BODY = YES;
				CLANG_WARN_ENUM_CONVERSION = YES;
				CLANG_WARN_INFINITE_RECURSION = YES;
				CLANG_WARN_INT_CONVERSION = YES;
				CLANG_WARN_NON_LITERAL_NULL_CONVERSION = YES;
				CLANG_WARN_OBJC_IMPLICIT_RETAIN_SELF = YES;
				CLANG_WARN_OBJC_LITERAL_CONVERSION = YES;
				CLANG_WARN_OBJC_ROOT_CLASS = YES_ERROR;
				CLANG_WARN_RANGE_LOOP_ANALYSIS = YES;
				CLANG_WARN_STRICT_PROTOTYPES = YES;
				CLANG_WARN_SUSPICIOUS_MOVE = YES;
				CLANG_WARN_UNGUARDED_AVAILABILITY = YES_AGGRESSIVE;
				CLANG_WARN_UNREACHABLE_CODE = YES;
				CLANG_WARN__DUPLICATE_METHOD_MATCH = YES;
				COPY_PHASE_STRIP = NO;
				DEBUG_INFORMATION_FORMAT = "dwarf-with-dsym";
				ENABLE_NS_ASSERTIONS = NO;
				ENABLE_STRICT_OBJC_MSGSEND = YES;
				GCC_C_LANGUAGE_STANDARD = gnu11;
				GCC_NO_COMMON_BLOCKS = YES;
				GCC_WARN_64_TO_32_BIT_CONVERSION = YES;
				GCC_WARN_ABOUT_RETURN_TYPE = YES_ERROR;
				GCC_WARN_UNDECLARED_SELECTOR = YES;
				GCC_WARN_UNINITIALIZED_AUTOS = YES_AGGRESSIVE;
				GCC_WARN_UNUSED_FUNCTION = YES;
				GCC_WARN_UNUSED_VARIABLE = YES;
				IPHONEOS_DEPLOYMENT_TARGET = 13.2;
				MTL_ENABLE_DEBUG_INFO = NO;
				MTL_FAST_MATH = YES;
				SDKROOT = iphoneos;
				SWIFT_COMPILATION_MODE = wholemodule;
				SWIFT_OPTIMIZATION_LEVEL = "-O";
				VALIDATE_PRODUCT = YES;
			};
			name = Release;
		};
		42FD3C2323FD290A00658629 /* Debug */ = {
			isa = XCBuildConfiguration;
			baseConfigurationReference = F0D45E06DDD20CA77ED5C48B /* Pods-Unsplash.debug.xcconfig */;
			buildSettings = {
				ASSETCATALOG_COMPILER_APPICON_NAME = AppIcon;
				CODE_SIGN_STYLE = Automatic;
				DEVELOPMENT_TEAM = 672G34E675;
				INFOPLIST_FILE = Unsplash/Info.plist;
				LD_RUNPATH_SEARCH_PATHS = (
					"$(inherited)",
					"@executable_path/Frameworks",
				);
				PRODUCT_BUNDLE_IDENTIFIER = com.StandAlone.Unsplash;
				PRODUCT_NAME = "$(TARGET_NAME)";
				SWIFT_VERSION = 5.0;
				TARGETED_DEVICE_FAMILY = "1,2";
			};
			name = Debug;
		};
		42FD3C2423FD290A00658629 /* Release */ = {
			isa = XCBuildConfiguration;
			baseConfigurationReference = 01B8DD2187C77A630CB73470 /* Pods-Unsplash.release.xcconfig */;
			buildSettings = {
				ASSETCATALOG_COMPILER_APPICON_NAME = AppIcon;
				CODE_SIGN_STYLE = Automatic;
				DEVELOPMENT_TEAM = 672G34E675;
				INFOPLIST_FILE = Unsplash/Info.plist;
				LD_RUNPATH_SEARCH_PATHS = (
					"$(inherited)",
					"@executable_path/Frameworks",
				);
				PRODUCT_BUNDLE_IDENTIFIER = com.StandAlone.Unsplash;
				PRODUCT_NAME = "$(TARGET_NAME)";
				SWIFT_VERSION = 5.0;
				TARGETED_DEVICE_FAMILY = "1,2";
			};
			name = Release;
		};
/* End XCBuildConfiguration section */

/* Begin XCConfigurationList section */
		42FD3C0923FD290800658629 /* Build configuration list for PBXProject "Unsplash" */ = {
			isa = XCConfigurationList;
			buildConfigurations = (
				42FD3C2023FD290A00658629 /* Debug */,
				42FD3C2123FD290A00658629 /* Release */,
			);
			defaultConfigurationIsVisible = 0;
			defaultConfigurationName = Release;
		};
		42FD3C2223FD290A00658629 /* Build configuration list for PBXNativeTarget "Unsplash" */ = {
			isa = XCConfigurationList;
			buildConfigurations = (
				42FD3C2323FD290A00658629 /* Debug */,
				42FD3C2423FD290A00658629 /* Release */,
			);
			defaultConfigurationIsVisible = 0;
			defaultConfigurationName = Release;
		};
/* End XCConfigurationList section */
	};
	rootObject = 42FD3C0623FD290800658629 /* Project object */;
}
